
Microsoft Visual Studio Solution File, Format Version 12.00
# Visual Studio Version 17
VisualStudioVersion = 17.7.34202.233
MinimumVisualStudioVersion = 10.0.40219.1
Project("{FAE04EC0-301F-11D3-BF4B-00C04F79EFBC}") = "PetrolStationCounter", "PetrolStationCounter\PetrolStationCounter.csproj", "{84456652-8130-4A98-B53A-C6D1EB56AE1A}"
EndProject
Global
	GlobalSection(SolutionConfigurationPlatforms) = preSolution
		Debug|Any CPU = Debug|Any CPU
		Release|Any CPU = Release|Any CPU
	EndGlobalSection
	GlobalSection(ProjectConfigurationPlatforms) = postSolution
		{84456652-8130-4A98-B53A-C6D1EB56AE1A}.Debug|Any CPU.ActiveCfg = Debug|Any CPU
		{84456652-8130-4A98-B53A-C6D1EB56AE1A}.Debug|Any CPU.Build.0 = Debug|Any CPU
		{84456652-8130-4A98-B53A-C6D1EB56AE1A}.Release|Any CPU.ActiveCfg = Release|Any CPU
		{84456652-8130-4A98-B53A-C6D1EB56AE1A}.Release|Any CPU.Build.0 = Release|Any CPU
	EndGlobalSection
	GlobalSection(SolutionProperties) = preSolution
		HideSolutionNode = FALSE
	EndGlobalSection
	GlobalSection(ExtensibilityGlobals) = postSolution
		SolutionGuid = {DE2E1477-24FC-45C2-B51A-F44A10C7DA4A}
	EndGlobalSection
EndGlobal
